// !$*UTF8*$!
{
	archiveVersion = 1;
	classes = {
	};
	objectVersion = 50;
	objects = {

/* Begin PBXBuildFile section */
		67A6737B20E9C8A100B1C72D /* BullAdvertiseManager.m in Sources */ = {isa = PBXBuildFile; fileRef = 67A6737920E9C8A100B1C72D /* BullAdvertiseManager.m */; };
		67A6738020E9F35300B1C72D /* AdvertiseModel.m in Sources */ = {isa = PBXBuildFile; fileRef = 67A6737F20E9F35300B1C72D /* AdvertiseModel.m */; };
		67A6738820E9FBEB00B1C72D /* NSString+Category.m in Sources */ = {isa = PBXBuildFile; fileRef = 67A6738720E9FBEB00B1C72D /* NSString+Category.m */; };
		6EF60E0D20E8C75000C1144C /* AppDelegate.m in Sources */ = {isa = PBXBuildFile; fileRef = 6EF60E0C20E8C75000C1144C /* AppDelegate.m */; };
		6EF60E1020E8C75000C1144C /* ViewController.m in Sources */ = {isa = PBXBuildFile; fileRef = 6EF60E0F20E8C75000C1144C /* ViewController.m */; };
		6EF60E1320E8C75000C1144C /* Main.storyboard in Resources */ = {isa = PBXBuildFile; fileRef = 6EF60E1120E8C75000C1144C /* Main.storyboard */; };
		6EF60E1520E8C75000C1144C /* Assets.xcassets in Resources */ = {isa = PBXBuildFile; fileRef = 6EF60E1420E8C75000C1144C /* Assets.xcassets */; };
		6EF60E1820E8C75000C1144C /* LaunchScreen.storyboard in Resources */ = {isa = PBXBuildFile; fileRef = 6EF60E1620E8C75000C1144C /* LaunchScreen.storyboard */; };
		6EF60E1B20E8C75000C1144C /* main.m in Sources */ = {isa = PBXBuildFile; fileRef = 6EF60E1A20E8C75000C1144C /* main.m */; };
		6EF60E2520E8C75000C1144C /* BaseProductTests.m in Sources */ = {isa = PBXBuildFile; fileRef = 6EF60E2420E8C75000C1144C /* BaseProductTests.m */; };
		6EF60E3020E8C75100C1144C /* BaseProductUITests.m in Sources */ = {isa = PBXBuildFile; fileRef = 6EF60E2F20E8C75100C1144C /* BaseProductUITests.m */; };
		6EF60E3F20EA75D900C1144C /* BaseViewController.m in Sources */ = {isa = PBXBuildFile; fileRef = 6EF60E3E20EA75D900C1144C /* BaseViewController.m */; };
		8DC8894AF5BF77355A04F262 /* libPods-BaseProduct.a in Frameworks */ = {isa = PBXBuildFile; fileRef = A7FCBCD0ABBD5C33E276AC81 /* libPods-BaseProduct.a */; };
/* End PBXBuildFile section */

/* Begin PBXContainerItemProxy section */
		6EF60E2120E8C75000C1144C /* PBXContainerItemProxy */ = {
			isa = PBXContainerItemProxy;
			containerPortal = 6EF60E0020E8C74F00C1144C /* Project object */;
			proxyType = 1;
			remoteGlobalIDString = 6EF60E0720E8C75000C1144C;
			remoteInfo = BaseProduct;
		};
		6EF60E2C20E8C75100C1144C /* PBXContainerItemProxy */ = {
			isa = PBXContainerItemProxy;
			containerPortal = 6EF60E0020E8C74F00C1144C /* Project object */;
			proxyType = 1;
			remoteGlobalIDString = 6EF60E0720E8C75000C1144C;
			remoteInfo = BaseProduct;
		};
/* End PBXContainerItemProxy section */

/* Begin PBXFileReference section */
		67A6737920E9C8A100B1C72D /* BullAdvertiseManager.m */ = {isa = PBXFileReference; fileEncoding = 4; lastKnownFileType = sourcecode.c.objc; path = BullAdvertiseManager.m; sourceTree = "<group>"; };
		67A6737A20E9C8A100B1C72D /* BullAdvertiseManager.h */ = {isa = PBXFileReference; fileEncoding = 4; lastKnownFileType = sourcecode.c.h; path = BullAdvertiseManager.h; sourceTree = "<group>"; };
		67A6737D20E9CC3500B1C72D /* PrefixHeader.pch */ = {isa = PBXFileReference; lastKnownFileType = sourcecode.c.h; path = PrefixHeader.pch; sourceTree = "<group>"; };
		67A6737E20E9F35300B1C72D /* AdvertiseModel.h */ = {isa = PBXFileReference; lastKnownFileType = sourcecode.c.h; path = AdvertiseModel.h; sourceTree = "<group>"; };
		67A6737F20E9F35300B1C72D /* AdvertiseModel.m */ = {isa = PBXFileReference; lastKnownFileType = sourcecode.c.objc; path = AdvertiseModel.m; sourceTree = "<group>"; };
		67A6738120E9F92500B1C72D /* macro.h */ = {isa = PBXFileReference; lastKnownFileType = sourcecode.c.h; path = macro.h; sourceTree = "<group>"; };
		67A6738620E9FBEB00B1C72D /* NSString+Category.h */ = {isa = PBXFileReference; lastKnownFileType = sourcecode.c.h; path = "NSString+Category.h"; sourceTree = "<group>"; };
		67A6738720E9FBEB00B1C72D /* NSString+Category.m */ = {isa = PBXFileReference; lastKnownFileType = sourcecode.c.objc; path = "NSString+Category.m"; sourceTree = "<group>"; };
		6EF60E0820E8C75000C1144C /* BaseProduct.app */ = {isa = PBXFileReference; explicitFileType = wrapper.application; includeInIndex = 0; path = BaseProduct.app; sourceTree = BUILT_PRODUCTS_DIR; };
		6EF60E0B20E8C75000C1144C /* AppDelegate.h */ = {isa = PBXFileReference; lastKnownFileType = sourcecode.c.h; path = AppDelegate.h; sourceTree = "<group>"; };
		6EF60E0C20E8C75000C1144C /* AppDelegate.m */ = {isa = PBXFileReference; lastKnownFileType = sourcecode.c.objc; path = AppDelegate.m; sourceTree = "<group>"; };
		6EF60E0E20E8C75000C1144C /* ViewController.h */ = {isa = PBXFileReference; lastKnownFileType = sourcecode.c.h; path = ViewController.h; sourceTree = "<group>"; };
		6EF60E0F20E8C75000C1144C /* ViewController.m */ = {isa = PBXFileReference; lastKnownFileType = sourcecode.c.objc; path = ViewController.m; sourceTree = "<group>"; };
		6EF60E1220E8C75000C1144C /* Base */ = {isa = PBXFileReference; lastKnownFileType = file.storyboard; name = Base; path = Base.lproj/Main.storyboard; sourceTree = "<group>"; };
		6EF60E1420E8C75000C1144C /* Assets.xcassets */ = {isa = PBXFileReference; lastKnownFileType = folder.assetcatalog; path = Assets.xcassets; sourceTree = "<group>"; };
		6EF60E1720E8C75000C1144C /* Base */ = {isa = PBXFileReference; lastKnownFileType = file.storyboard; name = Base; path = Base.lproj/LaunchScreen.storyboard; sourceTree = "<group>"; };
		6EF60E1920E8C75000C1144C /* Info.plist */ = {isa = PBXFileReference; lastKnownFileType = text.plist.xml; path = Info.plist; sourceTree = "<group>"; };
		6EF60E1A20E8C75000C1144C /* main.m */ = {isa = PBXFileReference; lastKnownFileType = sourcecode.c.objc; path = main.m; sourceTree = "<group>"; };
		6EF60E2020E8C75000C1144C /* BaseProductTests.xctest */ = {isa = PBXFileReference; explicitFileType = wrapper.cfbundle; includeInIndex = 0; path = BaseProductTests.xctest; sourceTree = BUILT_PRODUCTS_DIR; };
		6EF60E2420E8C75000C1144C /* BaseProductTests.m */ = {isa = PBXFileReference; lastKnownFileType = sourcecode.c.objc; path = BaseProductTests.m; sourceTree = "<group>"; };
		6EF60E2620E8C75000C1144C /* Info.plist */ = {isa = PBXFileReference; lastKnownFileType = text.plist.xml; path = Info.plist; sourceTree = "<group>"; };
		6EF60E2B20E8C75000C1144C /* BaseProductUITests.xctest */ = {isa = PBXFileReference; explicitFileType = wrapper.cfbundle; includeInIndex = 0; path = BaseProductUITests.xctest; sourceTree = BUILT_PRODUCTS_DIR; };
		6EF60E2F20E8C75100C1144C /* BaseProductUITests.m */ = {isa = PBXFileReference; lastKnownFileType = sourcecode.c.objc; path = BaseProductUITests.m; sourceTree = "<group>"; };
		6EF60E3120E8C75100C1144C /* Info.plist */ = {isa = PBXFileReference; lastKnownFileType = text.plist.xml; path = Info.plist; sourceTree = "<group>"; };
		6EF60E3D20EA75D900C1144C /* BaseViewController.h */ = {isa = PBXFileReference; lastKnownFileType = sourcecode.c.h; path = BaseViewController.h; sourceTree = "<group>"; };
		6EF60E3E20EA75D900C1144C /* BaseViewController.m */ = {isa = PBXFileReference; lastKnownFileType = sourcecode.c.objc; path = BaseViewController.m; sourceTree = "<group>"; };
		862430ADD0D3CAC00A282C08 /* Pods-BaseProduct.debug.xcconfig */ = {isa = PBXFileReference; includeInIndex = 1; lastKnownFileType = text.xcconfig; name = "Pods-BaseProduct.debug.xcconfig"; path = "Pods/Target Support Files/Pods-BaseProduct/Pods-BaseProduct.debug.xcconfig"; sourceTree = "<group>"; };
		9B797363A0CC4964C819CF9F /* Pods-BaseProduct.release.xcconfig */ = {isa = PBXFileReference; includeInIndex = 1; lastKnownFileType = text.xcconfig; name = "Pods-BaseProduct.release.xcconfig"; path = "Pods/Target Support Files/Pods-BaseProduct/Pods-BaseProduct.release.xcconfig"; sourceTree = "<group>"; };
		A7FCBCD0ABBD5C33E276AC81 /* libPods-BaseProduct.a */ = {isa = PBXFileReference; explicitFileType = archive.ar; includeInIndex = 0; path = "libPods-BaseProduct.a"; sourceTree = BUILT_PRODUCTS_DIR; };
/* End PBXFileReference section */

/* Begin PBXFrameworksBuildPhase section */
		6EF60E0520E8C75000C1144C /* Frameworks */ = {
			isa = PBXFrameworksBuildPhase;
			buildActionMask = 2147483647;
			files = (
				8DC8894AF5BF77355A04F262 /* libPods-BaseProduct.a in Frameworks */,
			);
			runOnlyForDeploymentPostprocessing = 0;
		};
		6EF60E1D20E8C75000C1144C /* Frameworks */ = {
			isa = PBXFrameworksBuildPhase;
			buildActionMask = 2147483647;
			files = (
			);
			runOnlyForDeploymentPostprocessing = 0;
		};
		6EF60E2820E8C75000C1144C /* Frameworks */ = {
			isa = PBXFrameworksBuildPhase;
			buildActionMask = 2147483647;
			files = (
			);
			runOnlyForDeploymentPostprocessing = 0;
		};
/* End PBXFrameworksBuildPhase section */

/* Begin PBXGroup section */
		67A6737820E9C88300B1C72D /* 启动页 */ = {
			isa = PBXGroup;
			children = (
				67A6737A20E9C8A100B1C72D /* BullAdvertiseManager.h */,
				67A6737920E9C8A100B1C72D /* BullAdvertiseManager.m */,
				67A6737E20E9F35300B1C72D /* AdvertiseModel.h */,
				67A6737F20E9F35300B1C72D /* AdvertiseModel.m */,
			);
			path = "启动页";
			sourceTree = "<group>";
		};
		67A6738520E9FBD500B1C72D /* Category */ = {
			isa = PBXGroup;
			children = (
				67A6738620E9FBEB00B1C72D /* NSString+Category.h */,
				67A6738720E9FBEB00B1C72D /* NSString+Category.m */,
			);
			path = Category;
			sourceTree = "<group>";
		};
		6EF60DFF20E8C74F00C1144C = {
			isa = PBXGroup;
			children = (
				6EF60E0A20E8C75000C1144C /* BaseProduct */,
				6EF60E2320E8C75000C1144C /* BaseProductTests */,
				6EF60E2E20E8C75100C1144C /* BaseProductUITests */,
				6EF60E0920E8C75000C1144C /* Products */,
				EBDC31E860D7286B95BDDFEA /* Pods */,
				85B39B9F893AFF56EF9F15C1 /* Frameworks */,
			);
			sourceTree = "<group>";
		};
		6EF60E0920E8C75000C1144C /* Products */ = {
			isa = PBXGroup;
			children = (
				6EF60E0820E8C75000C1144C /* BaseProduct.app */,
				6EF60E2020E8C75000C1144C /* BaseProductTests.xctest */,
				6EF60E2B20E8C75000C1144C /* BaseProductUITests.xctest */,
			);
			name = Products;
			sourceTree = "<group>";
		};
		6EF60E0A20E8C75000C1144C /* BaseProduct */ = {
			isa = PBXGroup;
			children = (
				67A6738520E9FBD500B1C72D /* Category */,
				67A6737820E9C88300B1C72D /* 启动页 */,
				6EF60E0B20E8C75000C1144C /* AppDelegate.h */,
				6EF60E0C20E8C75000C1144C /* AppDelegate.m */,
				6EF60E0E20E8C75000C1144C /* ViewController.h */,
				6EF60E0F20E8C75000C1144C /* ViewController.m */,
				6EF60E1120E8C75000C1144C /* Main.storyboard */,
				6EF60E1420E8C75000C1144C /* Assets.xcassets */,
				6EF60E1620E8C75000C1144C /* LaunchScreen.storyboard */,
				6EF60E1920E8C75000C1144C /* Info.plist */,
				6EF60E1A20E8C75000C1144C /* main.m */,
				67A6737D20E9CC3500B1C72D /* PrefixHeader.pch */,
				67A6738120E9F92500B1C72D /* macro.h */,
				6EF60E3D20EA75D900C1144C /* BaseViewController.h */,
				6EF60E3E20EA75D900C1144C /* BaseViewController.m */,
			);
			path = BaseProduct;
			sourceTree = "<group>";
		};
		6EF60E2320E8C75000C1144C /* BaseProductTests */ = {
			isa = PBXGroup;
			children = (
				6EF60E2420E8C75000C1144C /* BaseProductTests.m */,
				6EF60E2620E8C75000C1144C /* Info.plist */,
			);
			path = BaseProductTests;
			sourceTree = "<group>";
		};
		6EF60E2E20E8C75100C1144C /* BaseProductUITests */ = {
			isa = PBXGroup;
			children = (
				6EF60E2F20E8C75100C1144C /* BaseProductUITests.m */,
				6EF60E3120E8C75100C1144C /* Info.plist */,
			);
			path = BaseProductUITests;
			sourceTree = "<group>";
		};
		85B39B9F893AFF56EF9F15C1 /* Frameworks */ = {
			isa = PBXGroup;
			children = (
				A7FCBCD0ABBD5C33E276AC81 /* libPods-BaseProduct.a */,
			);
			name = Frameworks;
			sourceTree = "<group>";
		};
		EBDC31E860D7286B95BDDFEA /* Pods */ = {
			isa = PBXGroup;
			children = (
				862430ADD0D3CAC00A282C08 /* Pods-BaseProduct.debug.xcconfig */,
				9B797363A0CC4964C819CF9F /* Pods-BaseProduct.release.xcconfig */,
			);
			name = Pods;
			sourceTree = "<group>";
		};
/* End PBXGroup section */

/* Begin PBXNativeTarget section */
		6EF60E0720E8C75000C1144C /* BaseProduct */ = {
			isa = PBXNativeTarget;
			buildConfigurationList = 6EF60E3420E8C75100C1144C /* Build configuration list for PBXNativeTarget "BaseProduct" */;
			buildPhases = (
				14C81D89ACDB604D28FB9D74 /* [CP] Check Pods Manifest.lock */,
				6EF60E0420E8C75000C1144C /* Sources */,
				6EF60E0520E8C75000C1144C /* Frameworks */,
				6EF60E0620E8C75000C1144C /* Resources */,
				BA19A3A15C2FBFAA5DC8F506 /* [CP] Copy Pods Resources */,
			);
			buildRules = (
			);
			dependencies = (
			);
			name = BaseProduct;
			productName = BaseProduct;
			productReference = 6EF60E0820E8C75000C1144C /* BaseProduct.app */;
			productType = "com.apple.product-type.application";
		};
		6EF60E1F20E8C75000C1144C /* BaseProductTests */ = {
			isa = PBXNativeTarget;
			buildConfigurationList = 6EF60E3720E8C75100C1144C /* Build configuration list for PBXNativeTarget "BaseProductTests" */;
			buildPhases = (
				6EF60E1C20E8C75000C1144C /* Sources */,
				6EF60E1D20E8C75000C1144C /* Frameworks */,
				6EF60E1E20E8C75000C1144C /* Resources */,
			);
			buildRules = (
			);
			dependencies = (
				6EF60E2220E8C75000C1144C /* PBXTargetDependency */,
			);
			name = BaseProductTests;
			productName = BaseProductTests;
			productReference = 6EF60E2020E8C75000C1144C /* BaseProductTests.xctest */;
			productType = "com.apple.product-type.bundle.unit-test";
		};
		6EF60E2A20E8C75000C1144C /* BaseProductUITests */ = {
			isa = PBXNativeTarget;
			buildConfigurationList = 6EF60E3A20E8C75100C1144C /* Build configuration list for PBXNativeTarget "BaseProductUITests" */;
			buildPhases = (
				6EF60E2720E8C75000C1144C /* Sources */,
				6EF60E2820E8C75000C1144C /* Frameworks */,
				6EF60E2920E8C75000C1144C /* Resources */,
			);
			buildRules = (
			);
			dependencies = (
				6EF60E2D20E8C75100C1144C /* PBXTargetDependency */,
			);
			name = BaseProductUITests;
			productName = BaseProductUITests;
			productReference = 6EF60E2B20E8C75000C1144C /* BaseProductUITests.xctest */;
			productType = "com.apple.product-type.bundle.ui-testing";
		};
/* End PBXNativeTarget section */

/* Begin PBXProject section */
		6EF60E0020E8C74F00C1144C /* Project object */ = {
			isa = PBXProject;
			attributes = {
				LastUpgradeCheck = 0940;
				ORGANIZATIONNAME = "袁海";
				TargetAttributes = {
					6EF60E0720E8C75000C1144C = {
						CreatedOnToolsVersion = 9.4.1;
					};
					6EF60E1F20E8C75000C1144C = {
						CreatedOnToolsVersion = 9.4.1;
						TestTargetID = 6EF60E0720E8C75000C1144C;
					};
					6EF60E2A20E8C75000C1144C = {
						CreatedOnToolsVersion = 9.4.1;
						TestTargetID = 6EF60E0720E8C75000C1144C;
					};
				};
			};
			buildConfigurationList = 6EF60E0320E8C74F00C1144C /* Build configuration list for PBXProject "BaseProduct" */;
			compatibilityVersion = "Xcode 9.3";
			developmentRegion = en;
			hasScannedForEncodings = 0;
			knownRegions = (
				en,
				Base,
			);
			mainGroup = 6EF60DFF20E8C74F00C1144C;
			productRefGroup = 6EF60E0920E8C75000C1144C /* Products */;
			projectDirPath = "";
			projectRoot = "";
			targets = (
				6EF60E0720E8C75000C1144C /* BaseProduct */,
				6EF60E1F20E8C75000C1144C /* BaseProductTests */,
				6EF60E2A20E8C75000C1144C /* BaseProductUITests */,
			);
		};
/* End PBXProject section */

/* Begin PBXResourcesBuildPhase section */
		6EF60E0620E8C75000C1144C /* Resources */ = {
			isa = PBXResourcesBuildPhase;
			buildActionMask = 2147483647;
			files = (
				6EF60E1820E8C75000C1144C /* LaunchScreen.storyboard in Resources */,
				6EF60E1520E8C75000C1144C /* Assets.xcassets in Resources */,
				6EF60E1320E8C75000C1144C /* Main.storyboard in Resources */,
			);
			runOnlyForDeploymentPostprocessing = 0;
		};
		6EF60E1E20E8C75000C1144C /* Resources */ = {
			isa = PBXResourcesBuildPhase;
			buildActionMask = 2147483647;
			files = (
			);
			runOnlyForDeploymentPostprocessing = 0;
		};
		6EF60E2920E8C75000C1144C /* Resources */ = {
			isa = PBXResourcesBuildPhase;
			buildActionMask = 2147483647;
			files = (
			);
			runOnlyForDeploymentPostprocessing = 0;
		};
/* End PBXResourcesBuildPhase section */

/* Begin PBXShellScriptBuildPhase section */
		14C81D89ACDB604D28FB9D74 /* [CP] Check Pods Manifest.lock */ = {
			isa = PBXShellScriptBuildPhase;
			buildActionMask = 2147483647;
			files = (
			);
			inputPaths = (
				"${PODS_PODFILE_DIR_PATH}/Podfile.lock",
				"${PODS_ROOT}/Manifest.lock",
			);
			name = "[CP] Check Pods Manifest.lock";
			outputPaths = (
				"$(DERIVED_FILE_DIR)/Pods-BaseProduct-checkManifestLockResult.txt",
			);
			runOnlyForDeploymentPostprocessing = 0;
			shellPath = /bin/sh;
			shellScript = "diff \"${PODS_PODFILE_DIR_PATH}/Podfile.lock\" \"${PODS_ROOT}/Manifest.lock\" > /dev/null\nif [ $? != 0 ] ; then\n    # print error to STDERR\n    echo \"error: The sandbox is not in sync with the Podfile.lock. Run 'pod install' or update your CocoaPods installation.\" >&2\n    exit 1\nfi\n# This output is used by Xcode 'outputs' to avoid re-running this script phase.\necho \"SUCCESS\" > \"${SCRIPT_OUTPUT_FILE_0}\"\n";
			showEnvVarsInLog = 0;
		};
		BA19A3A15C2FBFAA5DC8F506 /* [CP] Copy Pods Resources */ = {
			isa = PBXShellScriptBuildPhase;
			buildActionMask = 2147483647;
			files = (
			);
			inputPaths = (
				"${SRCROOT}/Pods/Target Support Files/Pods-BaseProduct/Pods-BaseProduct-resources.sh",
				"${PODS_ROOT}/MJRefresh/MJRefresh/MJRefresh.bundle",
			);
			name = "[CP] Copy Pods Resources";
			outputPaths = (
				"${TARGET_BUILD_DIR}/${UNLOCALIZED_RESOURCES_FOLDER_PATH}/MJRefresh.bundle",
			);
			runOnlyForDeploymentPostprocessing = 0;
			shellPath = /bin/sh;
			shellScript = "\"${SRCROOT}/Pods/Target Support Files/Pods-BaseProduct/Pods-BaseProduct-resources.sh\"\n";
			showEnvVarsInLog = 0;
		};
/* End PBXShellScriptBuildPhase section */

/* Begin PBXSourcesBuildPhase section */
		6EF60E0420E8C75000C1144C /* Sources */ = {
			isa = PBXSourcesBuildPhase;
			buildActionMask = 2147483647;
			files = (
				6EF60E1020E8C75000C1144C /* ViewController.m in Sources */,
				67A6738820E9FBEB00B1C72D /* NSString+Category.m in Sources */,
				6EF60E1B20E8C75000C1144C /* main.m in Sources */,
				67A6737B20E9C8A100B1C72D /* BullAdvertiseManager.m in Sources */,
				6EF60E0D20E8C75000C1144C /* AppDelegate.m in Sources */,
				6EF60E3F20EA75D900C1144C /* BaseViewController.m in Sources */,
				67A6738020E9F35300B1C72D /* AdvertiseModel.m in Sources */,
			);
			runOnlyForDeploymentPostprocessing = 0;
		};
		6EF60E1C20E8C75000C1144C /* Sources */ = {
			isa = PBXSourcesBuildPhase;
			buildActionMask = 2147483647;
			files = (
				6EF60E2520E8C75000C1144C /* BaseProductTests.m in Sources */,
			);
			runOnlyForDeploymentPostprocessing = 0;
		};
		6EF60E2720E8C75000C1144C /* Sources */ = {
			isa = PBXSourcesBuildPhase;
			buildActionMask = 2147483647;
			files = (
				6EF60E3020E8C75100C1144C /* BaseProductUITests.m in Sources */,
			);
			runOnlyForDeploymentPostprocessing = 0;
		};
/* End PBXSourcesBuildPhase section */

/* Begin PBXTargetDependency section */
		6EF60E2220E8C75000C1144C /* PBXTargetDependency */ = {
			isa = PBXTargetDependency;
			target = 6EF60E0720E8C75000C1144C /* BaseProduct */;
			targetProxy = 6EF60E2120E8C75000C1144C /* PBXContainerItemProxy */;
		};
		6EF60E2D20E8C75100C1144C /* PBXTargetDependency */ = {
			isa = PBXTargetDependency;
			target = 6EF60E0720E8C75000C1144C /* BaseProduct */;
			targetProxy = 6EF60E2C20E8C75100C1144C /* PBXContainerItemProxy */;
		};
/* End PBXTargetDependency section */

/* Begin PBXVariantGroup section */
		6EF60E1120E8C75000C1144C /* Main.storyboard */ = {
			isa = PBXVariantGroup;
			children = (
				6EF60E1220E8C75000C1144C /* Base */,
			);
			name = Main.storyboard;
			sourceTree = "<group>";
		};
		6EF60E1620E8C75000C1144C /* LaunchScreen.storyboard */ = {
			isa = PBXVariantGroup;
			children = (
				6EF60E1720E8C75000C1144C /* Base */,
			);
			name = LaunchScreen.storyboard;
			sourceTree = "<group>";
		};
/* End PBXVariantGroup section */

/* Begin XCBuildConfiguration section */
		6EF60E3220E8C75100C1144C /* Debug */ = {
			isa = XCBuildConfiguration;
			buildSettings = {
				ALWAYS_SEARCH_USER_PATHS = NO;
				CLANG_ANALYZER_NONNULL = YES;
				CLANG_ANALYZER_NUMBER_OBJECT_CONVERSION = YES_AGGRESSIVE;
				CLANG_CXX_LANGUAGE_STANDARD = "gnu++14";
				CLANG_CXX_LIBRARY = "libc++";
				CLANG_ENABLE_MODULES = YES;
				CLANG_ENABLE_OBJC_ARC = YES;
				CLANG_ENABLE_OBJC_WEAK = YES;
				CLANG_WARN_BLOCK_CAPTURE_AUTORELEASING = YES;
				CLANG_WARN_BOOL_CONVERSION = YES;
				CLANG_WARN_COMMA = YES;
				CLANG_WARN_CONSTANT_CONVERSION = YES;
				CLANG_WARN_DEPRECATED_OBJC_IMPLEMENTATIONS = YES;
				CLANG_WARN_DIRECT_OBJC_ISA_USAGE = YES_ERROR;
				CLANG_WARN_DOCUMENTATION_COMMENTS = YES;
				CLANG_WARN_EMPTY_BODY = YES;
				CLANG_WARN_ENUM_CONVERSION = YES;
				CLANG_WARN_INFINITE_RECURSION = YES;
				CLANG_WARN_INT_CONVERSION = YES;
				CLANG_WARN_NON_LITERAL_NULL_CONVERSION = YES;
				CLANG_WARN_OBJC_IMPLICIT_RETAIN_SELF = YES;
				CLANG_WARN_OBJC_LITERAL_CONVERSION = YES;
				CLANG_WARN_OBJC_ROOT_CLASS = YES_ERROR;
				CLANG_WARN_RANGE_LOOP_ANALYSIS = YES;
				CLANG_WARN_STRICT_PROTOTYPES = YES;
				CLANG_WARN_SUSPICIOUS_MOVE = YES;
				CLANG_WARN_UNGUARDED_AVAILABILITY = YES_AGGRESSIVE;
				CLANG_WARN_UNREACHABLE_CODE = YES;
				CLANG_WARN__DUPLICATE_METHOD_MATCH = YES;
				CODE_SIGN_IDENTITY = "iPhone Developer";
				COPY_PHASE_STRIP = NO;
				DEBUG_INFORMATION_FORMAT = dwarf;
				ENABLE_STRICT_OBJC_MSGSEND = YES;
				ENABLE_TESTABILITY = YES;
				GCC_C_LANGUAGE_STANDARD = gnu11;
				GCC_DYNAMIC_NO_PIC = NO;
				GCC_NO_COMMON_BLOCKS = YES;
				GCC_OPTIMIZATION_LEVEL = 0;
				GCC_PREPROCESSOR_DEFINITIONS = (
					"DEBUG=1",
					"$(inherited)",
				);
				GCC_WARN_64_TO_32_BIT_CONVERSION = YES;
				GCC_WARN_ABOUT_RETURN_TYPE = YES_ERROR;
				GCC_WARN_UNDECLARED_SELECTOR = YES;
				GCC_WARN_UNINITIALIZED_AUTOS = YES_AGGRESSIVE;
				GCC_WARN_UNUSED_FUNCTION = YES;
				GCC_WARN_UNUSED_VARIABLE = YES;
				IPHONEOS_DEPLOYMENT_TARGET = 11.4;
				MTL_ENABLE_DEBUG_INFO = YES;
				ONLY_ACTIVE_ARCH = YES;
				SDKROOT = iphoneos;
			};
			name = Debug;
		};
		6EF60E3320E8C75100C1144C /* Release */ = {
			isa = XCBuildConfiguration;
			buildSettings = {
				ALWAYS_SEARCH_USER_PATHS = NO;
				CLANG_ANALYZER_NONNULL = YES;
				CLANG_ANALYZER_NUMBER_OBJECT_CONVERSION = YES_AGGRESSIVE;
				CLANG_CXX_LANGUAGE_STANDARD = "gnu++14";
				CLANG_CXX_LIBRARY = "libc++";
				CLANG_ENABLE_MODULES = YES;
				CLANG_ENABLE_OBJC_ARC = YES;
				CLANG_ENABLE_OBJC_WEAK = YES;
				CLANG_WARN_BLOCK_CAPTURE_AUTORELEASING = YES;
				CLANG_WARN_BOOL_CONVERSION = YES;
				CLANG_WARN_COMMA = YES;
				CLANG_WARN_CONSTANT_CONVERSION = YES;
				CLANG_WARN_DEPRECATED_OBJC_IMPLEMENTATIONS = YES;
				CLANG_WARN_DIRECT_OBJC_ISA_USAGE = YES_ERROR;
				CLANG_WARN_DOCUMENTATION_COMMENTS = YES;
				CLANG_WARN_EMPTY_BODY = YES;
				CLANG_WARN_ENUM_CONVERSION = YES;
				CLANG_WARN_INFINITE_RECURSION = YES;
				CLANG_WARN_INT_CONVERSION = YES;
				CLANG_WARN_NON_LITERAL_NULL_CONVERSION = YES;
				CLANG_WARN_OBJC_IMPLICIT_RETAIN_SELF = YES;
				CLANG_WARN_OBJC_LITERAL_CONVERSION = YES;
				CLANG_WARN_OBJC_ROOT_CLASS = YES_ERROR;
				CLANG_WARN_RANGE_LOOP_ANALYSIS = YES;
				CLANG_WARN_STRICT_PROTOTYPES = YES;
				CLANG_WARN_SUSPICIOUS_MOVE = YES;
				CLANG_WARN_UNGUARDED_AVAILABILITY = YES_AGGRESSIVE;
				CLANG_WARN_UNREACHABLE_CODE = YES;
				CLANG_WARN__DUPLICATE_METHOD_MATCH = YES;
				CODE_SIGN_IDENTITY = "iPhone Developer";
				COPY_PHASE_STRIP = NO;
				DEBUG_INFORMATION_FORMAT = "dwarf-with-dsym";
				ENABLE_NS_ASSERTIONS = NO;
				ENABLE_STRICT_OBJC_MSGSEND = YES;
				GCC_C_LANGUAGE_STANDARD = gnu11;
				GCC_NO_COMMON_BLOCKS = YES;
				GCC_WARN_64_TO_32_BIT_CONVERSION = YES;
				GCC_WARN_ABOUT_RETURN_TYPE = YES_ERROR;
				GCC_WARN_UNDECLARED_SELECTOR = YES;
				GCC_WARN_UNINITIALIZED_AUTOS = YES_AGGRESSIVE;
				GCC_WARN_UNUSED_FUNCTION = YES;
				GCC_WARN_UNUSED_VARIABLE = YES;
				IPHONEOS_DEPLOYMENT_TARGET = 11.4;
				MTL_ENABLE_DEBUG_INFO = NO;
				SDKROOT = iphoneos;
				VALIDATE_PRODUCT = YES;
			};
			name = Release;
		};
		6EF60E3520E8C75100C1144C /* Debug */ = {
			isa = XCBuildConfiguration;
			baseConfigurationReference = 862430ADD0D3CAC00A282C08 /* Pods-BaseProduct.debug.xcconfig */;
			buildSettings = {
				ASSETCATALOG_COMPILER_APPICON_NAME = AppIcon;
				CODE_SIGN_STYLE = Automatic;
				DEVELOPMENT_TEAM = VA7AYG7HAT;
				GCC_PRECOMPILE_PREFIX_HEADER = YES;
				GCC_PREFIX_HEADER = "$(SRCROOT)/BaseProduct/PrefixHeader.pch";
				INFOPLIST_FILE = BaseProduct/Info.plist;
				IPHONEOS_DEPLOYMENT_TARGET = 9.0;
				LD_RUNPATH_SEARCH_PATHS = (
					"$(inherited)",
					"@executable_path/Frameworks",
				);
				PRODUCT_BUNDLE_IDENTIFIER = Whale.BaseProduct;
				PRODUCT_NAME = "$(TARGET_NAME)";
				TARGETED_DEVICE_FAMILY = "1,2";
			};
			name = Debug;
		};
		6EF60E3620E8C75100C1144C /* Release */ = {
			isa = XCBuildConfiguration;
			baseConfigurationReference = 9B797363A0CC4964C819CF9F /* Pods-BaseProduct.release.xcconfig */;
			buildSettings = {
				ASSETCATALOG_COMPILER_APPICON_NAME = AppIcon;
				CODE_SIGN_STYLE = Automatic;
				DEVELOPMENT_TEAM = VA7AYG7HAT;
				GCC_PRECOMPILE_PREFIX_HEADER = YES;
				GCC_PREFIX_HEADER = "$(SRCROOT)/BaseProduct/PrefixHeader.pch";
				INFOPLIST_FILE = BaseProduct/Info.plist;
				IPHONEOS_DEPLOYMENT_TARGET = 9.0;
				LD_RUNPATH_SEARCH_PATHS = (
					"$(inherited)",
					"@executable_path/Frameworks",
				);
				PRODUCT_BUNDLE_IDENTIFIER = Whale.BaseProduct;
				PRODUCT_NAME = "$(TARGET_NAME)";
				TARGETED_DEVICE_FAMILY = "1,2";
			};
			name = Release;
		};
		6EF60E3820E8C75100C1144C /* Debug */ = {
			isa = XCBuildConfiguration;
			buildSettings = {
				BUNDLE_LOADER = "$(TEST_HOST)";
				CODE_SIGN_STYLE = Automatic;
				DEVELOPMENT_TEAM = VA7AYG7HAT;
				INFOPLIST_FILE = BaseProductTests/Info.plist;
				LD_RUNPATH_SEARCH_PATHS = (
					"$(inherited)",
					"@executable_path/Frameworks",
					"@loader_path/Frameworks",
				);
				PRODUCT_BUNDLE_IDENTIFIER = Whale.BaseProductTests;
				PRODUCT_NAME = "$(TARGET_NAME)";
				TARGETED_DEVICE_FAMILY = "1,2";
				TEST_HOST = "$(BUILT_PRODUCTS_DIR)/BaseProduct.app/BaseProduct";
			};
			name = Debug;
		};
		6EF60E3920E8C75100C1144C /* Release */ = {
			isa = XCBuildConfiguration;
			buildSettings = {
				BUNDLE_LOADER = "$(TEST_HOST)";
				CODE_SIGN_STYLE = Automatic;
				DEVELOPMENT_TEAM = VA7AYG7HAT;
				INFOPLIST_FILE = BaseProductTests/Info.plist;
				LD_RUNPATH_SEARCH_PATHS = (
					"$(inherited)",
					"@executable_path/Frameworks",
					"@loader_path/Frameworks",
				);
				PRODUCT_BUNDLE_IDENTIFIER = Whale.BaseProductTests;
				PRODUCT_NAME = "$(TARGET_NAME)";
				TARGETED_DEVICE_FAMILY = "1,2";
				TEST_HOST = "$(BUILT_PRODUCTS_DIR)/BaseProduct.app/BaseProduct";
			};
			name = Release;
		};
		6EF60E3B20E8C75100C1144C /* Debug */ = {
			isa = XCBuildConfiguration;
			buildSettings = {
				CODE_SIGN_STYLE = Automatic;
				DEVELOPMENT_TEAM = VA7AYG7HAT;
				INFOPLIST_FILE = BaseProductUITests/Info.plist;
				LD_RUNPATH_SEARCH_PATHS = (
					"$(inherited)",
					"@executable_path/Frameworks",
					"@loader_path/Frameworks",
				);
				PRODUCT_BUNDLE_IDENTIFIER = Whale.BaseProductUITests;
				PRODUCT_NAME = "$(TARGET_NAME)";
				TARGETED_DEVICE_FAMILY = "1,2";
				TEST_TARGET_NAME = BaseProduct;
			};
			name = Debug;
		};
		6EF60E3C20E8C75100C1144C /* Release */ = {
			isa = XCBuildConfiguration;
			buildSettings = {
				CODE_SIGN_STYLE = Automatic;
				DEVELOPMENT_TEAM = VA7AYG7HAT;
				INFOPLIST_FILE = BaseProductUITests/Info.plist;
				LD_RUNPATH_SEARCH_PATHS = (
					"$(inherited)",
					"@executable_path/Frameworks",
					"@loader_path/Frameworks",
				);
				PRODUCT_BUNDLE_IDENTIFIER = Whale.BaseProductUITests;
				PRODUCT_NAME = "$(TARGET_NAME)";
				TARGETED_DEVICE_FAMILY = "1,2";
				TEST_TARGET_NAME = BaseProduct;
			};
			name = Release;
		};
/* End XCBuildConfiguration section */

/* Begin XCConfigurationList section */
		6EF60E0320E8C74F00C1144C /* Build configuration list for PBXProject "BaseProduct" */ = {
			isa = XCConfigurationList;
			buildConfigurations = (
				6EF60E3220E8C75100C1144C /* Debug */,
				6EF60E3320E8C75100C1144C /* Release */,
			);
			defaultConfigurationIsVisible = 0;
			defaultConfigurationName = Release;
		};
		6EF60E3420E8C75100C1144C /* Build configuration list for PBXNativeTarget "BaseProduct" */ = {
			isa = XCConfigurationList;
			buildConfigurations = (
				6EF60E3520E8C75100C1144C /* Debug */,
				6EF60E3620E8C75100C1144C /* Release */,
			);
			defaultConfigurationIsVisible = 0;
			defaultConfigurationName = Release;
		};
		6EF60E3720E8C75100C1144C /* Build configuration list for PBXNativeTarget "BaseProductTests" */ = {
			isa = XCConfigurationList;
			buildConfigurations = (
				6EF60E3820E8C75100C1144C /* Debug */,
				6EF60E3920E8C75100C1144C /* Release */,
			);
			defaultConfigurationIsVisible = 0;
			defaultConfigurationName = Release;
		};
		6EF60E3A20E8C75100C1144C /* Build configuration list for PBXNativeTarget "BaseProductUITests" */ = {
			isa = XCConfigurationList;
			buildConfigurations = (
				6EF60E3B20E8C75100C1144C /* Debug */,
				6EF60E3C20E8C75100C1144C /* Release */,
			);
			defaultConfigurationIsVisible = 0;
			defaultConfigurationName = Release;
		};
/* End XCConfigurationList section */
	};
	rootObject = 6EF60E0020E8C74F00C1144C /* Project object */;
}
